// !$*UTF8*$!
{
	archiveVersion = 1;
	classes = {
	};
	objectVersion = 56;
	objects = {

/* Begin PBXBuildFile section */
		B76D5D982950D2CF0056A22A /* AppDelegate.swift in Sources */ = {isa = PBXBuildFile; fileRef = B76D5D972950D2CF0056A22A /* AppDelegate.swift */; };
		B76D5D9A2950D2CF0056A22A /* SceneDelegate.swift in Sources */ = {isa = PBXBuildFile; fileRef = B76D5D992950D2CF0056A22A /* SceneDelegate.swift */; };
		B76D5D9C2950D2CF0056A22A /* ViewController.swift in Sources */ = {isa = PBXBuildFile; fileRef = B76D5D9B2950D2CF0056A22A /* ViewController.swift */; };
		B76D5D9F2950D2CF0056A22A /* Main.storyboard in Resources */ = {isa = PBXBuildFile; fileRef = B76D5D9D2950D2CF0056A22A /* Main.storyboard */; };
		B76D5DA22950D2CF0056A22A /* Employee_Manangment.xcdatamodeld in Sources */ = {isa = PBXBuildFile; fileRef = B76D5DA02950D2CF0056A22A /* Employee_Manangment.xcdatamodeld */; };
		B76D5DA42950D2D10056A22A /* Assets.xcassets in Resources */ = {isa = PBXBuildFile; fileRef = B76D5DA32950D2D10056A22A /* Assets.xcassets */; };
		B76D5DA72950D2D10056A22A /* LaunchScreen.storyboard in Resources */ = {isa = PBXBuildFile; fileRef = B76D5DA52950D2D10056A22A /* LaunchScreen.storyboard */; };
		B76D5DB22950D2D10056A22A /* Employee_ManangmentTests.swift in Sources */ = {isa = PBXBuildFile; fileRef = B76D5DB12950D2D10056A22A /* Employee_ManangmentTests.swift */; };
		B76D5DBC2950D2D10056A22A /* Employee_ManangmentUITests.swift in Sources */ = {isa = PBXBuildFile; fileRef = B76D5DBB2950D2D10056A22A /* Employee_ManangmentUITests.swift */; };
		B76D5DBE2950D2D10056A22A /* Employee_ManangmentUITestsLaunchTests.swift in Sources */ = {isa = PBXBuildFile; fileRef = B76D5DBD2950D2D10056A22A /* Employee_ManangmentUITestsLaunchTests.swift */; };
/* End PBXBuildFile section */

/* Begin PBXContainerItemProxy section */
		B76D5DAE2950D2D10056A22A /* PBXContainerItemProxy */ = {
			isa = PBXContainerItemProxy;
			containerPortal = B76D5D8C2950D2CF0056A22A /* Project object */;
			proxyType = 1;
			remoteGlobalIDString = B76D5D932950D2CF0056A22A;
			remoteInfo = "Employee Manangment";
		};
		B76D5DB82950D2D10056A22A /* PBXContainerItemProxy */ = {
			isa = PBXContainerItemProxy;
			containerPortal = B76D5D8C2950D2CF0056A22A /* Project object */;
			proxyType = 1;
			remoteGlobalIDString = B76D5D932950D2CF0056A22A;
			remoteInfo = "Employee Manangment";
		};
/* End PBXContainerItemProxy section */

/* Begin PBXFileReference section */
		B76D5D942950D2CF0056A22A /* Employee Manangment.app */ = {isa = PBXFileReference; explicitFileType = wrapper.application; includeInIndex = 0; path = "Employee Manangment.app"; sourceTree = BUILT_PRODUCTS_DIR; };
		B76D5D972950D2CF0056A22A /* AppDelegate.swift */ = {isa = PBXFileReference; lastKnownFileType = sourcecode.swift; path = AppDelegate.swift; sourceTree = "<group>"; };
		B76D5D992950D2CF0056A22A /* SceneDelegate.swift */ = {isa = PBXFileReference; lastKnownFileType = sourcecode.swift; path = SceneDelegate.swift; sourceTree = "<group>"; };
		B76D5D9B2950D2CF0056A22A /* ViewController.swift */ = {isa = PBXFileReference; lastKnownFileType = sourcecode.swift; path = ViewController.swift; sourceTree = "<group>"; };
		B76D5D9E2950D2CF0056A22A /* Base */ = {isa = PBXFileReference; lastKnownFileType = file.storyboard; name = Base; path = Base.lproj/Main.storyboard; sourceTree = "<group>"; };
		B76D5DA12950D2CF0056A22A /* Employee_Manangment.xcdatamodel */ = {isa = PBXFileReference; lastKnownFileType = wrapper.xcdatamodel; path = Employee_Manangment.xcdatamodel; sourceTree = "<group>"; };
		B76D5DA32950D2D10056A22A /* Assets.xcassets */ = {isa = PBXFileReference; lastKnownFileType = folder.assetcatalog; path = Assets.xcassets; sourceTree = "<group>"; };
		B76D5DA62950D2D10056A22A /* Base */ = {isa = PBXFileReference; lastKnownFileType = file.storyboard; name = Base; path = Base.lproj/LaunchScreen.storyboard; sourceTree = "<group>"; };
		B76D5DA82950D2D10056A22A /* Info.plist */ = {isa = PBXFileReference; lastKnownFileType = text.plist.xml; path = Info.plist; sourceTree = "<group>"; };
		B76D5DAD2950D2D10056A22A /* Employee ManangmentTests.xctest */ = {isa = PBXFileReference; explicitFileType = wrapper.cfbundle; includeInIndex = 0; path = "Employee ManangmentTests.xctest"; sourceTree = BUILT_PRODUCTS_DIR; };
		B76D5DB12950D2D10056A22A /* Employee_ManangmentTests.swift */ = {isa = PBXFileReference; lastKnownFileType = sourcecode.swift; path = Employee_ManangmentTests.swift; sourceTree = "<group>"; };
		B76D5DB72950D2D10056A22A /* Employee ManangmentUITests.xctest */ = {isa = PBXFileReference; explicitFileType = wrapper.cfbundle; includeInIndex = 0; path = "Employee ManangmentUITests.xctest"; sourceTree = BUILT_PRODUCTS_DIR; };
		B76D5DBB2950D2D10056A22A /* Employee_ManangmentUITests.swift */ = {isa = PBXFileReference; lastKnownFileType = sourcecode.swift; path = Employee_ManangmentUITests.swift; sourceTree = "<group>"; };
		B76D5DBD2950D2D10056A22A /* Employee_ManangmentUITestsLaunchTests.swift */ = {isa = PBXFileReference; lastKnownFileType = sourcecode.swift; path = Employee_ManangmentUITestsLaunchTests.swift; sourceTree = "<group>"; };
/* End PBXFileReference section */

/* Begin PBXFrameworksBuildPhase section */
		B76D5D912950D2CF0056A22A /* Frameworks */ = {
			isa = PBXFrameworksBuildPhase;
			buildActionMask = 2147483647;
			files = (
			);
			runOnlyForDeploymentPostprocessing = 0;
		};
		B76D5DAA2950D2D10056A22A /* Frameworks */ = {
			isa = PBXFrameworksBuildPhase;
			buildActionMask = 2147483647;
			files = (
			);
			runOnlyForDeploymentPostprocessing = 0;
		};
		B76D5DB42950D2D10056A22A /* Frameworks */ = {
			isa = PBXFrameworksBuildPhase;
			buildActionMask = 2147483647;
			files = (
			);
			runOnlyForDeploymentPostprocessing = 0;
		};
/* End PBXFrameworksBuildPhase section */

/* Begin PBXGroup section */
		B76D5D8B2950D2CF0056A22A = {
			isa = PBXGroup;
			children = (
				B76D5D962950D2CF0056A22A /* Employee Manangment */,
				B76D5DB02950D2D10056A22A /* Employee ManangmentTests */,
				B76D5DBA2950D2D10056A22A /* Employee ManangmentUITests */,
				B76D5D952950D2CF0056A22A /* Products */,
			);
			sourceTree = "<group>";
		};
		B76D5D952950D2CF0056A22A /* Products */ = {
			isa = PBXGroup;
			children = (
				B76D5D942950D2CF0056A22A /* Employee Manangment.app */,
				B76D5DAD2950D2D10056A22A /* Employee ManangmentTests.xctest */,
				B76D5DB72950D2D10056A22A /* Employee ManangmentUITests.xctest */,
			);
			name = Products;
			sourceTree = "<group>";
		};
		B76D5D962950D2CF0056A22A /* Employee Manangment */ = {
			isa = PBXGroup;
			children = (
				B76D5D972950D2CF0056A22A /* AppDelegate.swift */,
				B76D5D992950D2CF0056A22A /* SceneDelegate.swift */,
				B76D5D9B2950D2CF0056A22A /* ViewController.swift */,
				B76D5D9D2950D2CF0056A22A /* Main.storyboard */,
				B76D5DA32950D2D10056A22A /* Assets.xcassets */,
				B76D5DA52950D2D10056A22A /* LaunchScreen.storyboard */,
				B76D5DA82950D2D10056A22A /* Info.plist */,
				B76D5DA02950D2CF0056A22A /* Employee_Manangment.xcdatamodeld */,
			);
			path = "Employee Manangment";
			sourceTree = "<group>";
		};
		B76D5DB02950D2D10056A22A /* Employee ManangmentTests */ = {
			isa = PBXGroup;
			children = (
				B76D5DB12950D2D10056A22A /* Employee_ManangmentTests.swift */,
			);
			path = "Employee ManangmentTests";
			sourceTree = "<group>";
		};
		B76D5DBA2950D2D10056A22A /* Employee ManangmentUITests */ = {
			isa = PBXGroup;
			children = (
				B76D5DBB2950D2D10056A22A /* Employee_ManangmentUITests.swift */,
				B76D5DBD2950D2D10056A22A /* Employee_ManangmentUITestsLaunchTests.swift */,
			);
			path = "Employee ManangmentUITests";
			sourceTree = "<group>";
		};
/* End PBXGroup section */

/* Begin PBXNativeTarget section */
		B76D5D932950D2CF0056A22A /* Employee Manangment */ = {
			isa = PBXNativeTarget;
			buildConfigurationList = B76D5DC12950D2D10056A22A /* Build configuration list for PBXNativeTarget "Employee Manangment" */;
			buildPhases = (
				B76D5D902950D2CF0056A22A /* Sources */,
				B76D5D912950D2CF0056A22A /* Frameworks */,
				B76D5D922950D2CF0056A22A /* Resources */,
			);
			buildRules = (
			);
			dependencies = (
			);
			name = "Employee Manangment";
			productName = "Employee Manangment";
			productReference = B76D5D942950D2CF0056A22A /* Employee Manangment.app */;
			productType = "com.apple.product-type.application";
		};
		B76D5DAC2950D2D10056A22A /* Employee ManangmentTests */ = {
			isa = PBXNativeTarget;
			buildConfigurationList = B76D5DC42950D2D10056A22A /* Build configuration list for PBXNativeTarget "Employee ManangmentTests" */;
			buildPhases = (
				B76D5DA92950D2D10056A22A /* Sources */,
				B76D5DAA2950D2D10056A22A /* Frameworks */,
				B76D5DAB2950D2D10056A22A /* Resources */,
			);
			buildRules = (
			);
			dependencies = (
				B76D5DAF2950D2D10056A22A /* PBXTargetDependency */,
			);
			name = "Employee ManangmentTests";
			productName = "Employee ManangmentTests";
			productReference = B76D5DAD2950D2D10056A22A /* Employee ManangmentTests.xctest */;
			productType = "com.apple.product-type.bundle.unit-test";
		};
		B76D5DB62950D2D10056A22A /* Employee ManangmentUITests */ = {
			isa = PBXNativeTarget;
			buildConfigurationList = B76D5DC72950D2D10056A22A /* Build configuration list for PBXNativeTarget "Employee ManangmentUITests" */;
			buildPhases = (
				B76D5DB32950D2D10056A22A /* Sources */,
				B76D5DB42950D2D10056A22A /* Frameworks */,
				B76D5DB52950D2D10056A22A /* Resources */,
			);
			buildRules = (
			);
			dependencies = (
				B76D5DB92950D2D10056A22A /* PBXTargetDependency */,
			);
			name = "Employee ManangmentUITests";
			productName = "Employee ManangmentUITests";
			productReference = B76D5DB72950D2D10056A22A /* Employee ManangmentUITests.xctest */;
			productType = "com.apple.product-type.bundle.ui-testing";
		};
/* End PBXNativeTarget section */

/* Begin PBXProject section */
		B76D5D8C2950D2CF0056A22A /* Project object */ = {
			isa = PBXProject;
			attributes = {
				BuildIndependentTargetsInParallel = 1;
				LastSwiftUpdateCheck = 1410;
				LastUpgradeCheck = 1410;
				TargetAttributes = {
					B76D5D932950D2CF0056A22A = {
						CreatedOnToolsVersion = 14.1;
					};
					B76D5DAC2950D2D10056A22A = {
						CreatedOnToolsVersion = 14.1;
						TestTargetID = B76D5D932950D2CF0056A22A;
					};
					B76D5DB62950D2D10056A22A = {
						CreatedOnToolsVersion = 14.1;
						TestTargetID = B76D5D932950D2CF0056A22A;
					};
				};
			};
			buildConfigurationList = B76D5D8F2950D2CF0056A22A /* Build configuration list for PBXProject "Employee Manangment" */;
			compatibilityVersion = "Xcode 14.0";
			developmentRegion = en;
			hasScannedForEncodings = 0;
			knownRegions = (
				en,
				Base,
			);
			mainGroup = B76D5D8B2950D2CF0056A22A;
			productRefGroup = B76D5D952950D2CF0056A22A /* Products */;
			projectDirPath = "";
			projectRoot = "";
			targets = (
				B76D5D932950D2CF0056A22A /* Employee Manangment */,
				B76D5DAC2950D2D10056A22A /* Employee ManangmentTests */,
				B76D5DB62950D2D10056A22A /* Employee ManangmentUITests */,
			);
		};
/* End PBXProject section */

/* Begin PBXResourcesBuildPhase section */
		B76D5D922950D2CF0056A22A /* Resources */ = {
			isa = PBXResourcesBuildPhase;
			buildActionMask = 2147483647;
			files = (
				B76D5DA72950D2D10056A22A /* LaunchScreen.storyboard in Resources */,
				B76D5DA42950D2D10056A22A /* Assets.xcassets in Resources */,
				B76D5D9F2950D2CF0056A22A /* Main.storyboard in Resources */,
			);
			runOnlyForDeploymentPostprocessing = 0;
		};
		B76D5DAB2950D2D10056A22A /* Resources */ = {
			isa = PBXResourcesBuildPhase;
			buildActionMask = 2147483647;
			files = (
			);
			runOnlyForDeploymentPostprocessing = 0;
		};
		B76D5DB52950D2D10056A22A /* Resources */ = {
			isa = PBXResourcesBuildPhase;
			buildActionMask = 2147483647;
			files = (
			);
			runOnlyForDeploymentPostprocessing = 0;
		};
/* End PBXResourcesBuildPhase section */

/* Begin PBXSourcesBuildPhase section */
		B76D5D902950D2CF0056A22A /* Sources */ = {
			isa = PBXSourcesBuildPhase;
			buildActionMask = 2147483647;
			files = (
				B76D5D9C2950D2CF0056A22A /* ViewController.swift in Sources */,
				B76D5D982950D2CF0056A22A /* AppDelegate.swift in Sources */,
				B76D5DA22950D2CF0056A22A /* Employee_Manangment.xcdatamodeld in Sources */,
				B76D5D9A2950D2CF0056A22A /* SceneDelegate.swift in Sources */,
			);
			runOnlyForDeploymentPostprocessing = 0;
		};
		B76D5DA92950D2D10056A22A /* Sources */ = {
			isa = PBXSourcesBuildPhase;
			buildActionMask = 2147483647;
			files = (
				B76D5DB22950D2D10056A22A /* Employee_ManangmentTests.swift in Sources */,
			);
			runOnlyForDeploymentPostprocessing = 0;
		};
		B76D5DB32950D2D10056A22A /* Sources */ = {
			isa = PBXSourcesBuildPhase;
			buildActionMask = 2147483647;
			files = (
				B76D5DBE2950D2D10056A22A /* Employee_ManangmentUITestsLaunchTests.swift in Sources */,
				B76D5DBC2950D2D10056A22A /* Employee_ManangmentUITests.swift in Sources */,
			);
			runOnlyForDeploymentPostprocessing = 0;
		};
/* End PBXSourcesBuildPhase section */

/* Begin PBXTargetDependency section */
		B76D5DAF2950D2D10056A22A /* PBXTargetDependency */ = {
			isa = PBXTargetDependency;
			target = B76D5D932950D2CF0056A22A /* Employee Manangment */;
			targetProxy = B76D5DAE2950D2D10056A22A /* PBXContainerItemProxy */;
		};
		B76D5DB92950D2D10056A22A /* PBXTargetDependency */ = {
			isa = PBXTargetDependency;
			target = B76D5D932950D2CF0056A22A /* Employee Manangment */;
			targetProxy = B76D5DB82950D2D10056A22A /* PBXContainerItemProxy */;
		};
/* End PBXTargetDependency section */

/* Begin PBXVariantGroup section */
		B76D5D9D2950D2CF0056A22A /* Main.storyboard */ = {
			isa = PBXVariantGroup;
			children = (
				B76D5D9E2950D2CF0056A22A /* Base */,
			);
			name = Main.storyboard;
			sourceTree = "<group>";
		};
		B76D5DA52950D2D10056A22A /* LaunchScreen.storyboard */ = {
			isa = PBXVariantGroup;
			children = (
				B76D5DA62950D2D10056A22A /* Base */,
			);
			name = LaunchScreen.storyboard;
			sourceTree = "<group>";
		};
/* End PBXVariantGroup section */

/* Begin XCBuildConfiguration section */
		B76D5DBF2950D2D10056A22A /* Debug */ = {
			isa = XCBuildConfiguration;
			buildSettings = {
				ALWAYS_SEARCH_USER_PATHS = NO;
				CLANG_ANALYZER_NONNULL = YES;
				CLANG_ANALYZER_NUMBER_OBJECT_CONVERSION = YES_AGGRESSIVE;
				CLANG_CXX_LANGUAGE_STANDARD = "gnu++20";
				CLANG_ENABLE_MODULES = YES;
				CLANG_ENABLE_OBJC_ARC = YES;
				CLANG_ENABLE_OBJC_WEAK = YES;
				CLANG_WARN_BLOCK_CAPTURE_AUTORELEASING = YES;
				CLANG_WARN_BOOL_CONVERSION = YES;
				CLANG_WARN_COMMA = YES;
				CLANG_WARN_CONSTANT_CONVERSION = YES;
				CLANG_WARN_DEPRECATED_OBJC_IMPLEMENTATIONS = YES;
				CLANG_WARN_DIRECT_OBJC_ISA_USAGE = YES_ERROR;
				CLANG_WARN_DOCUMENTATION_COMMENTS = YES;
				CLANG_WARN_EMPTY_BODY = YES;
				CLANG_WARN_ENUM_CONVERSION = YES;
				CLANG_WARN_INFINITE_RECURSION = YES;
				CLANG_WARN_INT_CONVERSION = YES;
				CLANG_WARN_NON_LITERAL_NULL_CONVERSION = YES;
				CLANG_WARN_OBJC_IMPLICIT_RETAIN_SELF = YES;
				CLANG_WARN_OBJC_LITERAL_CONVERSION = YES;
				CLANG_WARN_OBJC_ROOT_CLASS = YES_ERROR;
				CLANG_WARN_QUOTED_INCLUDE_IN_FRAMEWORK_HEADER = YES;
				CLANG_WARN_RANGE_LOOP_ANALYSIS = YES;
				CLANG_WARN_STRICT_PROTOTYPES = YES;
				CLANG_WARN_SUSPICIOUS_MOVE = YES;
				CLANG_WARN_UNGUARDED_AVAILABILITY = YES_AGGRESSIVE;
				CLANG_WARN_UNREACHABLE_CODE = YES;
				CLANG_WARN__DUPLICATE_METHOD_MATCH = YES;
				COPY_PHASE_STRIP = NO;
				DEBUG_INFORMATION_FORMAT = dwarf;
				ENABLE_STRICT_OBJC_MSGSEND = YES;
				ENABLE_TESTABILITY = YES;
				GCC_C_LANGUAGE_STANDARD = gnu11;
				GCC_DYNAMIC_NO_PIC = NO;
				GCC_NO_COMMON_BLOCKS = YES;
				GCC_OPTIMIZATION_LEVEL = 0;
				GCC_PREPROCESSOR_DEFINITIONS = (
					"DEBUG=1",
					"$(inherited)",
				);
				GCC_WARN_64_TO_32_BIT_CONVERSION = YES;
				GCC_WARN_ABOUT_RETURN_TYPE = YES_ERROR;
				GCC_WARN_UNDECLARED_SELECTOR = YES;
				GCC_WARN_UNINITIALIZED_AUTOS = YES_AGGRESSIVE;
				GCC_WARN_UNUSED_FUNCTION = YES;
				GCC_WARN_UNUSED_VARIABLE = YES;
				IPHONEOS_DEPLOYMENT_TARGET = 16.1;
				MTL_ENABLE_DEBUG_INFO = INCLUDE_SOURCE;
				MTL_FAST_MATH = YES;
				ONLY_ACTIVE_ARCH = YES;
				SDKROOT = iphoneos;
				SWIFT_ACTIVE_COMPILATION_CONDITIONS = DEBUG;
				SWIFT_OPTIMIZATION_LEVEL = "-Onone";
			};
			name = Debug;
		};
		B76D5DC02950D2D10056A22A /* Release */ = {
			isa = XCBuildConfiguration;
			buildSettings = {
				ALWAYS_SEARCH_USER_PATHS = NO;
				CLANG_ANALYZER_NONNULL = YES;
				CLANG_ANALYZER_NUMBER_OBJECT_CONVERSION = YES_AGGRESSIVE;
				CLANG_CXX_LANGUAGE_STANDARD = "gnu++20";
				CLANG_ENABLE_MODULES = YES;
				CLANG_ENABLE_OBJC_ARC = YES;
				CLANG_ENABLE_OBJC_WEAK = YES;
				CLANG_WARN_BLOCK_CAPTURE_AUTORELEASING = YES;
				CLANG_WARN_BOOL_CONVERSION = YES;
				CLANG_WARN_COMMA = YES;
				CLANG_WARN_CONSTANT_CONVERSION = YES;
				CLANG_WARN_DEPRECATED_OBJC_IMPLEMENTATIONS = YES;
				CLANG_WARN_DIRECT_OBJC_ISA_USAGE = YES_ERROR;
				CLANG_WARN_DOCUMENTATION_COMMENTS = YES;
				CLANG_WARN_EMPTY_BODY = YES;
				CLANG_WARN_ENUM_CONVERSION = YES;
				CLANG_WARN_INFINITE_RECURSION = YES;
				CLANG_WARN_INT_CONVERSION = YES;
				CLANG_WARN_NON_LITERAL_NULL_CONVERSION = YES;
				CLANG_WARN_OBJC_IMPLICIT_RETAIN_SELF = YES;
				CLANG_WARN_OBJC_LITERAL_CONVERSION = YES;
				CLANG_WARN_OBJC_ROOT_CLASS = YES_ERROR;
				CLANG_WARN_QUOTED_INCLUDE_IN_FRAMEWORK_HEADER = YES;
				CLANG_WARN_RANGE_LOOP_ANALYSIS = YES;
				CLANG_WARN_STRICT_PROTOTYPES = YES;
				CLANG_WARN_SUSPICIOUS_MOVE = YES;
				CLANG_WARN_UNGUARDED_AVAILABILITY = YES_AGGRESSIVE;
				CLANG_WARN_UNREACHABLE_CODE = YES;
				CLANG_WARN__DUPLICATE_METHOD_MATCH = YES;
				COPY_PHASE_STRIP = NO;
				DEBUG_INFORMATION_FORMAT = "dwarf-with-dsym";
				ENABLE_NS_ASSERTIONS = NO;
				ENABLE_STRICT_OBJC_MSGSEND = YES;
				GCC_C_LANGUAGE_STANDARD = gnu11;
				GCC_NO_COMMON_BLOCKS = YES;
				GCC_WARN_64_TO_32_BIT_CONVERSION = YES;
				GCC_WARN_ABOUT_RETURN_TYPE = YES_ERROR;
				GCC_WARN_UNDECLARED_SELECTOR = YES;
				GCC_WARN_UNINITIALIZED_AUTOS = YES_AGGRESSIVE;
				GCC_WARN_UNUSED_FUNCTION = YES;
				GCC_WARN_UNUSED_VARIABLE = YES;
				IPHONEOS_DEPLOYMENT_TARGET = 16.1;
				MTL_ENABLE_DEBUG_INFO = NO;
				MTL_FAST_MATH = YES;
				SDKROOT = iphoneos;
				SWIFT_COMPILATION_MODE = wholemodule;
				SWIFT_OPTIMIZATION_LEVEL = "-O";
				VALIDATE_PRODUCT = YES;
			};
			name = Release;
		};
		B76D5DC22950D2D10056A22A /* Debug */ = {
			isa = XCBuildConfiguration;
			buildSettings = {
				ASSETCATALOG_COMPILER_APPICON_NAME = AppIcon;
				ASSETCATALOG_COMPILER_GLOBAL_ACCENT_COLOR_NAME = AccentColor;
				CODE_SIGN_STYLE = Automatic;
				CURRENT_PROJECT_VERSION = 1;
				GENERATE_INFOPLIST_FILE = YES;
				INFOPLIST_FILE = "Employee Manangment/Info.plist";
				INFOPLIST_KEY_UIApplicationSupportsIndirectInputEvents = YES;
				INFOPLIST_KEY_UILaunchStoryboardName = LaunchScreen;
				INFOPLIST_KEY_UIMainStoryboardFile = Main;
				INFOPLIST_KEY_UISupportedInterfaceOrientations_iPad = "UIInterfaceOrientationPortrait UIInterfaceOrientationPortraitUpsideDown UIInterfaceOrientationLandscapeLeft UIInterfaceOrientationLandscapeRight";
				INFOPLIST_KEY_UISupportedInterfaceOrientations_iPhone = "UIInterfaceOrientationPortrait UIInterfaceOrientationLandscapeLeft UIInterfaceOrientationLandscapeRight";
				LD_RUNPATH_SEARCH_PATHS = (
					"$(inherited)",
					"@executable_path/Frameworks",
				);
				MARKETING_VERSION = 1.0;
				PRODUCT_BUNDLE_IDENTIFIER = "Employee.Employee-Manangment";
				PRODUCT_NAME = "$(TARGET_NAME)";
				SWIFT_EMIT_LOC_STRINGS = YES;
				SWIFT_VERSION = 5.0;
				TARGETED_DEVICE_FAMILY = "1,2";
			};
			name = Debug;
		};
		B76D5DC32950D2D10056A22A /* Release */ = {
			isa = XCBuildConfiguration;
			buildSettings = {
				ASSETCATALOG_COMPILER_APPICON_NAME = AppIcon;
				ASSETCATALOG_COMPILER_GLOBAL_ACCENT_COLOR_NAME = AccentColor;
				CODE_SIGN_STYLE = Automatic;
				CURRENT_PROJECT_VERSION = 1;
				GENERATE_INFOPLIST_FILE = YES;
				INFOPLIST_FILE = "Employee Manangment/Info.plist";
				INFOPLIST_KEY_UIApplicationSupportsIndirectInputEvents = YES;
				INFOPLIST_KEY_UILaunchStoryboardName = LaunchScreen;
				INFOPLIST_KEY_UIMainStoryboardFile = Main;
				INFOPLIST_KEY_UISupportedInterfaceOrientations_iPad = "UIInterfaceOrientationPortrait UIInterfaceOrientationPortraitUpsideDown UIInterfaceOrientationLandscapeLeft UIInterfaceOrientationLandscapeRight";
				INFOPLIST_KEY_UISupportedInterfaceOrientations_iPhone = "UIInterfaceOrientationPortrait UIInterfaceOrientationLandscapeLeft UIInterfaceOrientationLandscapeRight";
				LD_RUNPATH_SEARCH_PATHS = (
					"$(inherited)",
					"@executable_path/Frameworks",
				);
				MARKETING_VERSION = 1.0;
				PRODUCT_BUNDLE_IDENTIFIER = "Employee.Employee-Manangment";
				PRODUCT_NAME = "$(TARGET_NAME)";
				SWIFT_EMIT_LOC_STRINGS = YES;
				SWIFT_VERSION = 5.0;
				TARGETED_DEVICE_FAMILY = "1,2";
			};
			name = Release;
		};
		B76D5DC52950D2D10056A22A /* Debug */ = {
			isa = XCBuildConfiguration;
			buildSettings = {
				ALWAYS_EMBED_SWIFT_STANDARD_LIBRARIES = YES;
				BUNDLE_LOADER = "$(TEST_HOST)";
				CODE_SIGN_STYLE = Automatic;
				CURRENT_PROJECT_VERSION = 1;
				GENERATE_INFOPLIST_FILE = YES;
				IPHONEOS_DEPLOYMENT_TARGET = 16.1;
				MARKETING_VERSION = 1.0;
				PRODUCT_BUNDLE_IDENTIFIER = "Employee.Employee-ManangmentTests";
				PRODUCT_NAME = "$(TARGET_NAME)";
				SWIFT_EMIT_LOC_STRINGS = NO;
				SWIFT_VERSION = 5.0;
				TARGETED_DEVICE_FAMILY = "1,2";
				TEST_HOST = "$(BUILT_PRODUCTS_DIR)/Employee Manangment.app/$(BUNDLE_EXECUTABLE_FOLDER_PATH)/Employee Manangment";
			};
			name = Debug;
		};
		B76D5DC62950D2D10056A22A /* Release */ = {
			isa = XCBuildConfiguration;
			buildSettings = {
				ALWAYS_EMBED_SWIFT_STANDARD_LIBRARIES = YES;
				BUNDLE_LOADER = "$(TEST_HOST)";
				CODE_SIGN_STYLE = Automatic;
				CURRENT_PROJECT_VERSION = 1;
				GENERATE_INFOPLIST_FILE = YES;
				IPHONEOS_DEPLOYMENT_TARGET = 16.1;
				MARKETING_VERSION = 1.0;
				PRODUCT_BUNDLE_IDENTIFIER = "Employee.Employee-ManangmentTests";
				PRODUCT_NAME = "$(TARGET_NAME)";
				SWIFT_EMIT_LOC_STRINGS = NO;
				SWIFT_VERSION = 5.0;
				TARGETED_DEVICE_FAMILY = "1,2";
				TEST_HOST = "$(BUILT_PRODUCTS_DIR)/Employee Manangment.app/$(BUNDLE_EXECUTABLE_FOLDER_PATH)/Employee Manangment";
			};
			name = Release;
		};
		B76D5DC82950D2D10056A22A /* Debug */ = {
			isa = XCBuildConfiguration;
			buildSettings = {
				ALWAYS_EMBED_SWIFT_STANDARD_LIBRARIES = YES;
				CODE_SIGN_STYLE = Automatic;
				CURRENT_PROJECT_VERSION = 1;
				GENERATE_INFOPLIST_FILE = YES;
				MARKETING_VERSION = 1.0;
				PRODUCT_BUNDLE_IDENTIFIER = "Employee.Employee-ManangmentUITests";
				PRODUCT_NAME = "$(TARGET_NAME)";
				SWIFT_EMIT_LOC_STRINGS = NO;
				SWIFT_VERSION = 5.0;
				TARGETED_DEVICE_FAMILY = "1,2";
				TEST_TARGET_NAME = "Employee Manangment";
			};
			name = Debug;
		};
		B76D5DC92950D2D10056A22A /* Release */ = {
			isa = XCBuildConfiguration;
			buildSettings = {
				ALWAYS_EMBED_SWIFT_STANDARD_LIBRARIES = YES;
				CODE_SIGN_STYLE = Automatic;
				CURRENT_PROJECT_VERSION = 1;
				GENERATE_INFOPLIST_FILE = YES;
				MARKETING_VERSION = 1.0;
				PRODUCT_BUNDLE_IDENTIFIER = "Employee.Employee-ManangmentUITests";
				PRODUCT_NAME = "$(TARGET_NAME)";
				SWIFT_EMIT_LOC_STRINGS = NO;
				SWIFT_VERSION = 5.0;
				TARGETED_DEVICE_FAMILY = "1,2";
				TEST_TARGET_NAME = "Employee Manangment";
			};
			name = Release;
		};
/* End XCBuildConfiguration section */

/* Begin XCConfigurationList section */
		B76D5D8F2950D2CF0056A22A /* Build configuration list for PBXProject "Employee Manangment" */ = {
			isa = XCConfigurationList;
			buildConfigurations = (
				B76D5DBF2950D2D10056A22A /* Debug */,
				B76D5DC02950D2D10056A22A /* Release */,
			);
			defaultConfigurationIsVisible = 0;
			defaultConfigurationName = Release;
		};
		B76D5DC12950D2D10056A22A /* Build configuration list for PBXNativeTarget "Employee Manangment" */ = {
			isa = XCConfigurationList;
			buildConfigurations = (
				B76D5DC22950D2D10056A22A /* Debug */,
				B76D5DC32950D2D10056A22A /* Release */,
			);
			defaultConfigurationIsVisible = 0;
			defaultConfigurationName = Release;
		};
		B76D5DC42950D2D10056A22A /* Build configuration list for PBXNativeTarget "Employee ManangmentTests" */ = {
			isa = XCConfigurationList;
			buildConfigurations = (
				B76D5DC52950D2D10056A22A /* Debug */,
				B76D5DC62950D2D10056A22A /* Release */,
			);
			defaultConfigurationIsVisible = 0;
			defaultConfigurationName = Release;
		};
		B76D5DC72950D2D10056A22A /* Build configuration list for PBXNativeTarget "Employee ManangmentUITests" */ = {
			isa = XCConfigurationList;
			buildConfigurations = (
				B76D5DC82950D2D10056A22A /* Debug */,
				B76D5DC92950D2D10056A22A /* Release */,
			);
			defaultConfigurationIsVisible = 0;
			defaultConfigurationName = Release;
		};
/* End XCConfigurationList section */

/* Begin XCVersionGroup section */
		B76D5DA02950D2CF0056A22A /* Employee_Manangment.xcdatamodeld */ = {
			isa = XCVersionGroup;
			children = (
				B76D5DA12950D2CF0056A22A /* Employee_Manangment.xcdatamodel */,
			);
			currentVersion = B76D5DA12950D2CF0056A22A /* Employee_Manangment.xcdatamodel */;
			path = Employee_Manangment.xcdatamodeld;
			sourceTree = "<group>";
			versionGroupType = wrapper.xcdatamodel;
		};
/* End XCVersionGroup section */
	};
	rootObject = B76D5D8C2950D2CF0056A22A /* Project object */;
}
